
Microsoft Visual Studio Solution File, Format Version 12.00
# Visual Studio Version 17
VisualStudioVersion = 17.10.34818.151
MinimumVisualStudioVersion = 10.0.40219.1
Project("{FAE04EC0-301F-11D3-BF4B-00C04F79EFBC}") = "Lab4_group", "Lab4_group\Lab4_group.csproj", "{43CC7BD5-1885-44D1-8828-8464FDE0F55F}"
EndProject
Global
	GlobalSection(SolutionConfigurationPlatforms) = preSolution
		Debug|Any CPU = Debug|Any CPU
		Release|Any CPU = Release|Any CPU
	EndGlobalSection
	GlobalSection(ProjectConfigurationPlatforms) = postSolution
		{43CC7BD5-1885-44D1-8828-8464FDE0F55F}.Debug|Any CPU.ActiveCfg = Debug|Any CPU
		{43CC7BD5-1885-44D1-8828-8464FDE0F55F}.Debug|Any CPU.Build.0 = Debug|Any CPU
		{43CC7BD5-1885-44D1-8828-8464FDE0F55F}.Release|Any CPU.ActiveCfg = Release|Any CPU
		{43CC7BD5-1885-44D1-8828-8464FDE0F55F}.Release|Any CPU.Build.0 = Release|Any CPU
	EndGlobalSection
	GlobalSection(SolutionProperties) = preSolution
		HideSolutionNode = FALSE
	EndGlobalSection
	GlobalSection(ExtensibilityGlobals) = postSolution
		SolutionGuid = {933906E3-E98C-4052-A5E2-7CD4E6418C95}
	EndGlobalSection
EndGlobal
