
Microsoft Visual Studio Solution File, Format Version 12.00
# Visual Studio Version 17
VisualStudioVersion = 17.5.002.0
MinimumVisualStudioVersion = 10.0.40219.1
Project("{9A19103F-16F7-4668-BE54-9A1E7A4F7556}") = "lab03_nhom", "lab03_nhom.csproj", "{93F98906-8BB5-41C2-A818-61AFC2537104}"
EndProject
Global
	GlobalSection(SolutionConfigurationPlatforms) = preSolution
		Debug|Any CPU = Debug|Any CPU
		Release|Any CPU = Release|Any CPU
	EndGlobalSection
	GlobalSection(ProjectConfigurationPlatforms) = postSolution
		{93F98906-8BB5-41C2-A818-61AFC2537104}.Debug|Any CPU.ActiveCfg = Debug|Any CPU
		{93F98906-8BB5-41C2-A818-61AFC2537104}.Debug|Any CPU.Build.0 = Debug|Any CPU
		{93F98906-8BB5-41C2-A818-61AFC2537104}.Release|Any CPU.ActiveCfg = Release|Any CPU
		{93F98906-8BB5-41C2-A818-61AFC2537104}.Release|Any CPU.Build.0 = Release|Any CPU
	EndGlobalSection
	GlobalSection(SolutionProperties) = preSolution
		HideSolutionNode = FALSE
	EndGlobalSection
	GlobalSection(ExtensibilityGlobals) = postSolution
		SolutionGuid = {E696D698-7768-4005-AF2B-06860F57BBDE}
	EndGlobalSection
EndGlobal
